
Microsoft Visual Studio Solution File, Format Version 12.00
# Visual Studio 15
Project("{FAE04EC0-301F-11D3-BF4B-00C04F79EFBC}") = "P1IA", "Assembly-CSharp.csproj", "{CA6BE16F-4DFA-44AF-2000-7E90B7F729DD}"
EndProject
Global
	GlobalSection(SolutionConfigurationPlatforms) = preSolution
		Debug|Any CPU = Debug|Any CPU
		Release|Any CPU = Release|Any CPU
	EndGlobalSection
	GlobalSection(ProjectConfigurationPlatforms) = postSolution
		{CA6BE16F-4DFA-44AF-2000-7E90B7F729DD}.Debug|Any CPU.ActiveCfg = Debug|Any CPU
		{CA6BE16F-4DFA-44AF-2000-7E90B7F729DD}.Debug|Any CPU.Build.0 = Debug|Any CPU
		{CA6BE16F-4DFA-44AF-2000-7E90B7F729DD}.Release|Any CPU.ActiveCfg = Release|Any CPU
		{CA6BE16F-4DFA-44AF-2000-7E90B7F729DD}.Release|Any CPU.Build.0 = Release|Any CPU
	EndGlobalSection
	GlobalSection(SolutionProperties) = preSolution
		HideSolutionNode = FALSE
	EndGlobalSection
EndGlobal
